Microsoft Visual Studio Solution File, Format Version 12.00
# Visual Studio Version 17
VisualStudioVersion = 17.5.2.0
MinimumVisualStudioVersion = 10.0.40219.1
Project("{FAE04EC0-301F-11D3-BF4B-00C04F79EFBC}") = "QuintaYpua", "QuintaYpua.csproj", "{205ADADD-50DB-B70F-DE0F-324AB41861DB}"
EndProject
Global
	GlobalSection(SolutionConfigurationPlatforms) = preSolution
		Debug|Any CPU = Debug|Any CPU
		Release|Any CPU = Release|Any CPU
	EndGlobalSection
	GlobalSection(ProjectConfigurationPlatforms) = postSolution
		{205ADADD-50DB-B70F-DE0F-324AB41861DB}.Debug|Any CPU.ActiveCfg = Debug|Any CPU
		{205ADADD-50DB-B70F-DE0F-324AB41861DB}.Debug|Any CPU.Build.0 = Debug|Any CPU
		{205ADADD-50DB-B70F-DE0F-324AB41861DB}.Release|Any CPU.ActiveCfg = Release|Any CPU
		{205ADADD-50DB-B70F-DE0F-324AB41861DB}.Release|Any CPU.Build.0 = Release|Any CPU
	EndGlobalSection
	GlobalSection(SolutionProperties) = preSolution
		HideSolutionNode = FALSE
	EndGlobalSection
	GlobalSection(ExtensibilityGlobals) = postSolution
		SolutionGuid = {21AFCF51-B42B-4E14-AEFA-AAA877ABBA5B}
	EndGlobalSection
EndGlobal
